{
  "version": 4,
  "terraform_version": "1.6.2",
  "serial": 18,
  "lineage": "df080cb1-e88d-91d5-3b7f-045821748a4b",
  "outputs": {},
  "resources": [
    {
      "mode": "managed",
      "type": "google_container_cluster",
      "name": "my_cluster",
      "provider": "provider[\"registry.terraform.io/hashicorp/google\"]",
      "instances": [
        {
          "schema_version": 2,
          "attributes": {
            "addons_config": [
              {
                "cloudrun_config": [],
                "config_connector_config": [],
                "dns_cache_config": [],
                "gce_persistent_disk_csi_driver_config": [
                  {
                    "enabled": true
                  }
                ],
                "gcp_filestore_csi_driver_config": [],
                "gcs_fuse_csi_driver_config": [],
                "gke_backup_agent_config": [],
                "horizontal_pod_autoscaling": [],
                "http_load_balancing": [],
                "network_policy_config": [
                  {
                    "disabled": true
                  }
                ]
              }
            ],
            "allow_net_admin": null,
            "authenticator_groups_config": [],
            "binary_authorization": [
              {
                "enabled": false,
                "evaluation_mode": ""
              }
            ],
            "cluster_autoscaling": [
              {
                "auto_provisioning_defaults": [],
                "enabled": false,
                "resource_limits": []
              }
            ],
            "cluster_ipv4_cidr": "10.44.0.0/14",
            "confidential_nodes": [],
            "cost_management_config": [],
            "database_encryption": [
              {
                "key_name": "",
                "state": "DECRYPTED"
              }
            ],
            "datapath_provider": "",
            "default_max_pods_per_node": 110,
            "default_snat_status": [
              {
                "disabled": false
              }
            ],
            "deletion_protection": true,
            "description": "",
            "dns_config": [],
            "enable_autopilot": false,
            "enable_intranode_visibility": false,
            "enable_k8s_beta_apis": [],
            "enable_kubernetes_alpha": false,
            "enable_l4_ilb_subsetting": false,
            "enable_legacy_abac": false,
            "enable_shielded_nodes": true,
            "enable_tpu": false,
            "endpoint": "35.232.229.96",
            "gateway_api_config": [],
            "id": "projects/cloudcompk8/locations/us-central1/clusters/my-gke-cluster-1",
            "initial_node_count": 1,
            "ip_allocation_policy": [
              {
                "additional_pod_ranges_config": [],
                "cluster_ipv4_cidr_block": "10.44.0.0/14",
                "cluster_secondary_range_name": "gke-my-gke-cluster-1-pods-dbb38520",
                "pod_cidr_overprovision_config": [
                  {
                    "disabled": false
                  }
                ],
                "services_ipv4_cidr_block": "10.48.0.0/20",
                "services_secondary_range_name": "gke-my-gke-cluster-1-services-dbb38520",
                "stack_type": "IPV4"
              }
            ],
            "label_fingerprint": "a9dc16a7",
            "location": "us-central1",
            "logging_config": [
              {
                "enable_components": [
                  "SYSTEM_COMPONENTS",
                  "WORKLOADS"
                ]
              }
            ],
            "logging_service": "logging.googleapis.com/kubernetes",
            "maintenance_policy": [],
            "master_auth": [
              {
                "client_certificate": "",
                "client_certificate_config": [
                  {
                    "issue_client_certificate": false
                  }
                ],
                "client_key": "",
                "cluster_ca_certificate": "LS0tLS1CRUdJTiBDRVJUSUZJQ0FURS0tLS0tCk1JSUVMVENDQXBXZ0F3SUJBZ0lSQU0wZXgvN0ZaTFQvZ2hGakdXVmcrRFF3RFFZSktvWklodmNOQVFFTEJRQXcKTHpFdE1Dc0dBMVVFQXhNa056QXdOall4WkRVdE9UazJaUzAwTmpObExUZ3dNall0TXpBME5URm1ZemxsTkdJMApNQ0FYRFRJek1UQXlNVEF4TWpNd05Wb1lEekl3TlRNeE1ERXpNREl5TXpBMVdqQXZNUzB3S3dZRFZRUURFeVEzCk1EQTJOakZrTlMwNU9UWmxMVFEyTTJVdE9EQXlOaTB6TURRMU1XWmpPV1UwWWpRd2dnR2lNQTBHQ1NxR1NJYjMKRFFFQkFRVUFBNElCandBd2dnR0tBb0lCZ1FEek91Mmc3T3N5Qys2MmFoWUw3SDFnWm0yTzFaTWVXZm5rSStMOQordTIzRVFVUTV3blQxWngrWk5GYVc5OXh2UG5jL05DaUhiZnRUUjMyRDFWS2s0UmFDWjM0cTc2Zy9Xc0d1dUJRCjYvNUVzYitUWHZzYm9RTktLTE1pc2tFVFVrTzEyay9GSEJ2dVkyWWlUc3RUV3RhZm1WbkpTYTFteVl0UUZOK1UKNGR2ang4Q2xRYlVUbHo2NUNHejczR2pnSFpGV0s3VkF0ZG5kbVpZU1dkdGdkVnF0NWJDL29KLzV4VzM5WUgxNgp0SzREVHlnTGxOeEpiY2VnN0pWRS9NYlFtZThBYi9ZMVd3UEkrWGYyVHJjZDYrd0NMYjVPdHhwUkVHdjE2NThWCnFSTWlPZHczeEVEcGY2eCtpejNSR2V4SnIyWTJMaXdoTTNTMjJuY1pBbHlGcVhBekhBbXpFdXFIMnh0K2FDNE4KcVMzVHdjRWR5WHh2QU9GUko2ZjZleEVuWmxiSGlHME1pOXk4SFJqOHdkNlkzVjlILy9qMjdvcWM1Rzd4UjNoRgppTDJnNU9TdjVUTHUvRjZBdFQwVjh5RUFPZTdLUm9SaU9CamJlVzBpQXVySU1VdCtyODg4VzhKYm8wRTRlRENtCk16cFlha25ITGxWTHdjYU10NmlNbDBCSTlMY0NBd0VBQWFOQ01FQXdEZ1lEVlIwUEFRSC9CQVFEQWdJRU1BOEcKQTFVZEV3RUIvd1FGTUFNQkFmOHdIUVlEVlIwT0JCWUVGRHVjS0xZQmNoZkI1OERtVmNTLzZ2VmVpa09CTUEwRwpDU3FHU0liM0RRRUJDd1VBQTRJQmdRQnMyREhHakJZbDF0L05LbHdvS29pUXlWdkNwSUJFK3FEaCswRVFVSkNECmtqOEN5YVpRMXgyZnQvbTFTNitUZDR6WHVKTzVHOWZQV25QU2FoSS93NUNKN2lLVCsrbzRncGZVMHE0amxQN1EKSTY3TmI3V2llM2o2ajA3ckprZnpmd1I3K2M5ZEJOMWtmRGp0M2c3dnFGWUJWZDFqU0lOZkMveTFkNEowNDJYSgpEampLekpWUG4yTjFJK1IzZ0NvUzkzQzYwK3g1c0hHTWRHWjRwSE1tVW0zNk9iWHBkS2dDdldFTUJzR2NTdHF5ClJ1NzFkTFltSGYzSUNFcWdURk5iQkYwRVUrUmxXNnV6Qm5oazdxSmk0N1pma1hLbzI1ZmxmU3Q0bE5jUjBJVUMKbXp4UFNFWXNldTJhZ1BpWnducnNRc2FRZXFWWWhBOUVuNGpRVmwwQWo2TC9uaCtrcWV4dS9xano3Z21RZHVTTQpXYUkwNkRDODdDTEJ0eGFuKzFWNVVWVWFRbmhVWlJPL2lmNkl0dGpFa3lhL2s1YkFlQUN5di9tN3hZK1FlWnhxCjVEemFqbjNWZVF5cXVzd3kyWU1WdHZLWmZsQUplcjNKRXBkcUxJSFdLTkFKNFBOS2lIdzNXMDdOeHdwQUUxWUcKbWkzWmgrZTRmY3VBZExna2p0OVdibms9Ci0tLS0tRU5EIENFUlRJRklDQVRFLS0tLS0K"
              }
            ],
            "master_authorized_networks_config": [],
            "master_version": "1.27.3-gke.100",
            "mesh_certificates": [],
            "min_master_version": null,
            "monitoring_config": [
              {
                "advanced_datapath_observability_config": [
                  {
                    "enable_metrics": false,
                    "relay_mode": "DISABLED"
                  }
                ],
                "enable_components": [
                  "SYSTEM_COMPONENTS"
                ],
                "managed_prometheus": [
                  {
                    "enabled": true
                  }
                ]
              }
            ],
            "monitoring_service": "monitoring.googleapis.com/kubernetes",
            "name": "my-gke-cluster-1",
            "network": "projects/cloudcompk8/global/networks/default",
            "network_policy": [
              {
                "enabled": false,
                "provider": "PROVIDER_UNSPECIFIED"
              }
            ],
            "networking_mode": "VPC_NATIVE",
            "node_config": [
              {
                "advanced_machine_features": [],
                "boot_disk_kms_key": "",
                "confidential_nodes": [],
                "disk_size_gb": 100,
                "disk_type": "pd-balanced",
                "effective_taints": [],
                "ephemeral_storage_local_ssd_config": [],
                "fast_socket": [],
                "gcfs_config": [],
                "guest_accelerator": [],
                "gvnic": [],
                "host_maintenance_policy": [],
                "image_type": "COS_CONTAINERD",
                "kubelet_config": [],
                "labels": {},
                "linux_node_config": [],
                "local_nvme_ssd_block_config": [],
                "local_ssd_count": 0,
                "logging_variant": "DEFAULT",
                "machine_type": "e2-medium",
                "metadata": {
                  "disable-legacy-endpoints": "true"
                },
                "min_cpu_platform": "",
                "node_group": "",
                "oauth_scopes": [
                  "https://www.googleapis.com/auth/devstorage.read_only",
                  "https://www.googleapis.com/auth/logging.write",
                  "https://www.googleapis.com/auth/monitoring",
                  "https://www.googleapis.com/auth/service.management.readonly",
                  "https://www.googleapis.com/auth/servicecontrol",
                  "https://www.googleapis.com/auth/trace.append"
                ],
                "preemptible": false,
                "reservation_affinity": [],
                "resource_labels": {},
                "service_account": "default",
                "shielded_instance_config": [
                  {
                    "enable_integrity_monitoring": true,
                    "enable_secure_boot": false
                  }
                ],
                "sole_tenant_config": [],
                "spot": false,
                "tags": [],
                "taint": [],
                "workload_metadata_config": []
              }
            ],
            "node_locations": [
              "us-central1-b",
              "us-central1-c",
              "us-central1-f"
            ],
            "node_pool": [
              {
                "autoscaling": [],
                "initial_node_count": 1,
                "instance_group_urls": [
                  "https://www.googleapis.com/compute/v1/projects/cloudcompk8/zones/us-central1-f/instanceGroupManagers/gke-my-gke-cluster-1-default-pool-3d30dcb1-grp",
                  "https://www.googleapis.com/compute/v1/projects/cloudcompk8/zones/us-central1-b/instanceGroupManagers/gke-my-gke-cluster-1-default-pool-8d5476a4-grp",
                  "https://www.googleapis.com/compute/v1/projects/cloudcompk8/zones/us-central1-c/instanceGroupManagers/gke-my-gke-cluster-1-default-pool-7674e7af-grp"
                ],
                "managed_instance_group_urls": [
                  "https://www.googleapis.com/compute/v1/projects/cloudcompk8/zones/us-central1-f/instanceGroups/gke-my-gke-cluster-1-default-pool-3d30dcb1-grp",
                  "https://www.googleapis.com/compute/v1/projects/cloudcompk8/zones/us-central1-b/instanceGroups/gke-my-gke-cluster-1-default-pool-8d5476a4-grp",
                  "https://www.googleapis.com/compute/v1/projects/cloudcompk8/zones/us-central1-c/instanceGroups/gke-my-gke-cluster-1-default-pool-7674e7af-grp"
                ],
                "management": [
                  {
                    "auto_repair": true,
                    "auto_upgrade": true
                  }
                ],
                "max_pods_per_node": 110,
                "name": "default-pool",
                "name_prefix": "",
                "network_config": [
                  {
                    "create_pod_range": false,
                    "enable_private_nodes": false,
                    "pod_cidr_overprovision_config": [],
                    "pod_ipv4_cidr_block": "10.44.0.0/14",
                    "pod_range": "gke-my-gke-cluster-1-pods-dbb38520"
                  }
                ],
                "node_config": [
                  {
                    "advanced_machine_features": [],
                    "boot_disk_kms_key": "",
                    "confidential_nodes": [],
                    "disk_size_gb": 100,
                    "disk_type": "pd-balanced",
                    "effective_taints": [],
                    "ephemeral_storage_local_ssd_config": [],
                    "fast_socket": [],
                    "gcfs_config": [],
                    "guest_accelerator": [],
                    "gvnic": [],
                    "host_maintenance_policy": [],
                    "image_type": "COS_CONTAINERD",
                    "kubelet_config": [],
                    "labels": {},
                    "linux_node_config": [],
                    "local_nvme_ssd_block_config": [],
                    "local_ssd_count": 0,
                    "logging_variant": "DEFAULT",
                    "machine_type": "e2-medium",
                    "metadata": {
                      "disable-legacy-endpoints": "true"
                    },
                    "min_cpu_platform": "",
                    "node_group": "",
                    "oauth_scopes": [
                      "https://www.googleapis.com/auth/devstorage.read_only",
                      "https://www.googleapis.com/auth/logging.write",
                      "https://www.googleapis.com/auth/monitoring",
                      "https://www.googleapis.com/auth/service.management.readonly",
                      "https://www.googleapis.com/auth/servicecontrol",
                      "https://www.googleapis.com/auth/trace.append"
                    ],
                    "preemptible": false,
                    "reservation_affinity": [],
                    "resource_labels": {},
                    "service_account": "default",
                    "shielded_instance_config": [
                      {
                        "enable_integrity_monitoring": true,
                        "enable_secure_boot": false
                      }
                    ],
                    "sole_tenant_config": [],
                    "spot": false,
                    "tags": [],
                    "taint": [],
                    "workload_metadata_config": []
                  }
                ],
                "node_count": 1,
                "node_locations": [
                  "us-central1-b",
                  "us-central1-c",
                  "us-central1-f"
                ],
                "placement_policy": [],
                "upgrade_settings": [
                  {
                    "blue_green_settings": [],
                    "max_surge": 1,
                    "max_unavailable": 0,
                    "strategy": "SURGE"
                  }
                ],
                "version": "1.27.3-gke.100"
              }
            ],
            "node_pool_auto_config": [],
            "node_pool_defaults": [
              {
                "node_config_defaults": [
                  {
                    "logging_variant": "DEFAULT"
                  }
                ]
              }
            ],
            "node_version": "1.27.3-gke.100",
            "notification_config": [
              {
                "pubsub": [
                  {
                    "enabled": false,
                    "filter": [],
                    "topic": ""
                  }
                ]
              }
            ],
            "operation": null,
            "private_cluster_config": [
              {
                "enable_private_endpoint": false,
                "enable_private_nodes": false,
                "master_global_access_config": [
                  {
                    "enabled": false
                  }
                ],
                "master_ipv4_cidr_block": "",
                "peering_name": "",
                "private_endpoint": "10.128.0.51",
                "private_endpoint_subnetwork": "",
                "public_endpoint": "35.232.229.96"
              }
            ],
            "private_ipv6_google_access": "",
            "project": "cloudcompk8",
            "release_channel": [
              {
                "channel": "REGULAR"
              }
            ],
            "remove_default_node_pool": false,
            "resource_labels": null,
            "resource_usage_export_config": [],
            "security_posture_config": [
              {
                "mode": "BASIC",
                "vulnerability_mode": "VULNERABILITY_MODE_UNSPECIFIED"
              }
            ],
            "self_link": "https://container.googleapis.com/v1/projects/cloudcompk8/locations/us-central1/clusters/my-gke-cluster-1",
            "service_external_ips_config": [
              {
                "enabled": false
              }
            ],
            "services_ipv4_cidr": "10.48.0.0/20",
            "subnetwork": "projects/cloudcompk8/regions/us-central1/subnetworks/default",
            "timeouts": null,
            "tpu_ipv4_cidr_block": "",
            "vertical_pod_autoscaling": [],
            "workload_identity_config": []
          },
          "sensitive_attributes": [],
          "private": "eyJlMmJmYjczMC1lY2FhLTExZTYtOGY4OC0zNDM2M2JjN2M0YzAiOnsiY3JlYXRlIjoyNDAwMDAwMDAwMDAwLCJkZWxldGUiOjI0MDAwMDAwMDAwMDAsInJlYWQiOjI0MDAwMDAwMDAwMDAsInVwZGF0ZSI6MzYwMDAwMDAwMDAwMH0sInNjaGVtYV92ZXJzaW9uIjoiMiJ9"
        }
      ]
    },
    {
      "mode": "managed",
      "type": "google_container_node_pool",
      "name": "primary_preemptible_nodes",
      "provider": "provider[\"registry.terraform.io/hashicorp/google\"]",
      "instances": [
        {
          "schema_version": 1,
          "attributes": {
            "autoscaling": [],
            "cluster": "my-gke-cluster-1",
            "id": "projects/cloudcompk8/locations/us-central1/clusters/my-gke-cluster-1/nodePools/my-node-pool",
            "initial_node_count": 0,
            "instance_group_urls": [
              "https://www.googleapis.com/compute/v1/projects/cloudcompk8/zones/us-central1-f/instanceGroupManagers/gke-my-gke-cluster-1-my-node-pool-a9a00722-grp",
              "https://www.googleapis.com/compute/v1/projects/cloudcompk8/zones/us-central1-b/instanceGroupManagers/gke-my-gke-cluster-1-my-node-pool-9f998b44-grp",
              "https://www.googleapis.com/compute/v1/projects/cloudcompk8/zones/us-central1-c/instanceGroupManagers/gke-my-gke-cluster-1-my-node-pool-b2b7b006-grp"
            ],
            "location": "us-central1",
            "managed_instance_group_urls": [
              "https://www.googleapis.com/compute/v1/projects/cloudcompk8/zones/us-central1-f/instanceGroups/gke-my-gke-cluster-1-my-node-pool-a9a00722-grp",
              "https://www.googleapis.com/compute/v1/projects/cloudcompk8/zones/us-central1-b/instanceGroups/gke-my-gke-cluster-1-my-node-pool-9f998b44-grp",
              "https://www.googleapis.com/compute/v1/projects/cloudcompk8/zones/us-central1-c/instanceGroups/gke-my-gke-cluster-1-my-node-pool-b2b7b006-grp"
            ],
            "management": [
              {
                "auto_repair": true,
                "auto_upgrade": true
              }
            ],
            "max_pods_per_node": 110,
            "name": "my-node-pool",
            "name_prefix": "",
            "network_config": [
              {
                "create_pod_range": false,
                "enable_private_nodes": false,
                "pod_cidr_overprovision_config": [],
                "pod_ipv4_cidr_block": "10.44.0.0/14",
                "pod_range": "gke-my-gke-cluster-1-pods-dbb38520"
              }
            ],
            "node_config": [
              {
                "advanced_machine_features": [],
                "boot_disk_kms_key": "",
                "confidential_nodes": [],
                "disk_size_gb": 100,
                "disk_type": "pd-balanced",
                "effective_taints": [
                  {
                    "effect": "NO_SCHEDULE",
                    "key": "application",
                    "value": "true"
                  }
                ],
                "ephemeral_storage_local_ssd_config": [],
                "fast_socket": [],
                "gcfs_config": [],
                "guest_accelerator": [],
                "gvnic": [],
                "host_maintenance_policy": [],
                "image_type": "COS_CONTAINERD",
                "kubelet_config": [],
                "labels": {},
                "linux_node_config": [],
                "local_nvme_ssd_block_config": [],
                "local_ssd_count": 0,
                "logging_variant": "DEFAULT",
                "machine_type": "e2-micro",
                "metadata": {
                  "disable-legacy-endpoints": "true"
                },
                "min_cpu_platform": "",
                "node_group": "",
                "oauth_scopes": [
                  "https://www.googleapis.com/auth/devstorage.read_only",
                  "https://www.googleapis.com/auth/logging.write",
                  "https://www.googleapis.com/auth/monitoring",
                  "https://www.googleapis.com/auth/service.management.readonly",
                  "https://www.googleapis.com/auth/servicecontrol",
                  "https://www.googleapis.com/auth/trace.append"
                ],
                "preemptible": false,
                "reservation_affinity": [],
                "resource_labels": null,
                "service_account": "default",
                "shielded_instance_config": [
                  {
                    "enable_integrity_monitoring": true,
                    "enable_secure_boot": false
                  }
                ],
                "sole_tenant_config": [],
                "spot": false,
                "tags": null,
                "taint": [
                  {
                    "effect": "NO_SCHEDULE",
                    "key": "application",
                    "value": "true"
                  }
                ],
                "workload_metadata_config": []
              }
            ],
            "node_count": 0,
            "node_locations": [
              "us-central1-b",
              "us-central1-c",
              "us-central1-f"
            ],
            "operation": null,
            "placement_policy": [],
            "project": "cloudcompk8",
            "timeouts": null,
            "upgrade_settings": [
              {
                "blue_green_settings": [],
                "max_surge": 1,
                "max_unavailable": 0,
                "strategy": "SURGE"
              }
            ],
            "version": "1.27.3-gke.100"
          },
          "sensitive_attributes": [],
          "private": "eyJlMmJmYjczMC1lY2FhLTExZTYtOGY4OC0zNDM2M2JjN2M0YzAiOnsiY3JlYXRlIjoxODAwMDAwMDAwMDAwLCJkZWxldGUiOjE4MDAwMDAwMDAwMDAsInVwZGF0ZSI6MTgwMDAwMDAwMDAwMH0sInNjaGVtYV92ZXJzaW9uIjoiMSJ9",
          "dependencies": [
            "google_container_cluster.my_cluster"
          ]
        }
      ]
    }
  ],
  "check_results": null
}
