{
  "version": 4,
  "terraform_version": "1.6.2",
  "serial": 15,
  "lineage": "df080cb1-e88d-91d5-3b7f-045821748a4b",
  "outputs": {},
  "resources": [
    {
      "mode": "managed",
      "type": "google_container_cluster",
      "name": "my_cluster",
      "provider": "provider[\"registry.terraform.io/hashicorp/google\"]",
      "instances": [
        {
          "schema_version": 2,
          "attributes": {
            "addons_config": [
              {
                "cloudrun_config": [],
                "config_connector_config": [],
                "dns_cache_config": [],
                "gce_persistent_disk_csi_driver_config": [
                  {
                    "enabled": true
                  }
                ],
                "gcp_filestore_csi_driver_config": [],
                "gcs_fuse_csi_driver_config": [],
                "gke_backup_agent_config": [],
                "horizontal_pod_autoscaling": [],
                "http_load_balancing": [],
                "network_policy_config": [
                  {
                    "disabled": true
                  }
                ]
              }
            ],
            "allow_net_admin": null,
            "authenticator_groups_config": [],
            "binary_authorization": [
              {
                "enabled": false,
                "evaluation_mode": ""
              }
            ],
            "cluster_autoscaling": [
              {
                "auto_provisioning_defaults": [],
                "enabled": false,
                "resource_limits": []
              }
            ],
            "cluster_ipv4_cidr": "10.44.0.0/14",
            "confidential_nodes": [],
            "cost_management_config": [],
            "database_encryption": [
              {
                "key_name": "",
                "state": "DECRYPTED"
              }
            ],
            "datapath_provider": "",
            "default_max_pods_per_node": 110,
            "default_snat_status": [
              {
                "disabled": false
              }
            ],
            "deletion_protection": true,
            "description": "",
            "dns_config": [],
            "enable_autopilot": false,
            "enable_intranode_visibility": false,
            "enable_k8s_beta_apis": [],
            "enable_kubernetes_alpha": false,
            "enable_l4_ilb_subsetting": false,
            "enable_legacy_abac": false,
            "enable_shielded_nodes": true,
            "enable_tpu": false,
            "endpoint": "34.28.142.227",
            "gateway_api_config": [],
            "id": "projects/cloudcompk8/locations/us-central1/clusters/my-gke-cluster-1",
            "initial_node_count": 1,
            "ip_allocation_policy": [
              {
                "additional_pod_ranges_config": [],
                "cluster_ipv4_cidr_block": "10.44.0.0/14",
                "cluster_secondary_range_name": "gke-my-gke-cluster-1-pods-76ab8aa5",
                "pod_cidr_overprovision_config": [
                  {
                    "disabled": false
                  }
                ],
                "services_ipv4_cidr_block": "10.48.0.0/20",
                "services_secondary_range_name": "gke-my-gke-cluster-1-services-76ab8aa5",
                "stack_type": "IPV4"
              }
            ],
            "label_fingerprint": "a9dc16a7",
            "location": "us-central1",
            "logging_config": [
              {
                "enable_components": [
                  "SYSTEM_COMPONENTS",
                  "WORKLOADS"
                ]
              }
            ],
            "logging_service": "logging.googleapis.com/kubernetes",
            "maintenance_policy": [],
            "master_auth": [
              {
                "client_certificate": "",
                "client_certificate_config": [
                  {
                    "issue_client_certificate": false
                  }
                ],
                "client_key": "",
                "cluster_ca_certificate": "LS0tLS1CRUdJTiBDRVJUSUZJQ0FURS0tLS0tCk1JSUVMVENDQXBXZ0F3SUJBZ0lSQU55Wk9KdllwREhMSFY5bWZiUjE3dVl3RFFZSktvWklodmNOQVFFTEJRQXcKTHpFdE1Dc0dBMVVFQXhNa09EWm1PRGM0WldNdFl6YzBaaTAwWW1FeUxXRmlNR1F0Wm1Zd1l6ZGpNelpoWkdRMQpNQ0FYRFRJek1UQXlNVEF4TURnME5Gb1lEekl3TlRNeE1ERXpNREl3T0RRMFdqQXZNUzB3S3dZRFZRUURFeVE0Ck5tWTROemhsWXkxak56Um1MVFJpWVRJdFlXSXdaQzFtWmpCak4yTXpObUZrWkRVd2dnR2lNQTBHQ1NxR1NJYjMKRFFFQkFRVUFBNElCandBd2dnR0tBb0lCZ1FDWXBqM1JxdlcrSXE4SzUyMmQvYUtQUC85VERobWIwbXVLSlpBVwpXZ05jN2tkcWVnZEtLd3dRdVhxU0FkaFhuZzJSVXF4U3VCdllkYTlSTWxZUDdkMWhPZFVoSjBNS0VnQXk3WDgrCk5BdE9yOWwwdDhEZkg4TVdGSjl3cUg5UlZBL0FIemRuNmF4WUNNeTJINW92dDRCdFNEdXVVTnU0czRLZEVLVkQKM2ZZZ0NrQnh1Nkc2ZzBSRXpvTUltS0w0KzZLdWtNTVBpbVQrdTBZcXp5MHJiL2p1eGQ5Q3JmdXdxTmQzWEhSRApzVUZFRDRyV0czWlBYeExvVE5XdUpGYmozS0EzZnpqMjNUYlhmNTBRbGRERHl1clRtOWFvN0VKZTg0N3F1aFVpCkZsSnIxeEJqa29kaGxBeG1obmQ5cEVJYzRlVHJpYW9tbFVDckRYQTRFK2VlNkVJSTY1NFhtS0RoaklBZFg2bS8KVUlYeXdSWFlhQ0JDR0JZRGNpa3VtZmRlMEpjZndDUHZvaGZndHBBSmJnRDlISWJXbGZCemlZSzBGOGk0OVFhZApXNUNWbXhHb24wM2JGTURkODNTQ01WOVZhNWtuUFRobnRwdzYrd0YyUTkrUFU1SnBNcnJUZXdqK25lSHhnaXVuCnZrcUVLa0VKNnlMc3ladC9VdGhKVUN2NzBBc0NBd0VBQWFOQ01FQXdEZ1lEVlIwUEFRSC9CQVFEQWdJRU1BOEcKQTFVZEV3RUIvd1FGTUFNQkFmOHdIUVlEVlIwT0JCWUVGTjZuQTNJUHRUQytPa1l3b3dUNUxUdXVLNFdDTUEwRwpDU3FHU0liM0RRRUJDd1VBQTRJQmdRQVlqRGV3SXRDM3hLdngvMFRIbmhPRzBHQmtYOUU5ekt5MEpnS1hzK3pYCklzSjhWZ0N3bWsvK1dSQmowTlFZbWswQzlrcytjM04yK3VpSG8ydy85N0tHakN3VGt5RGdLanZJQkN2MVJYd0IKelF4L2RMbUowQ2NXSGl0VU81VGxoQWFWR2pvblMrU1MxbkQ2c0s5Y2UrZkJJSE5SVFJ5dWRIS2ViY1Yvb3pCaApkcXErajFTR1RRbU1FWDJNOXdKbHFIOE5Hb2JFSHU1b2ljeXpKQ3pPNHR3K0F0U3Q2d2pDT0dnWmt3REVXUVV1CnlXdVhGZjZ5ZUJpR2tFMU9FbXY1d1drZitzK3JYZ2NsOTNOK3J2MUI2aWVvTmJjaUsyVlJxZE0xdDhoMW50MlQKNmdnUUtYUmVPaWpxdTNKSWk2c1FNL0lrb05ndDBkazI3MDFZL0w1MzhzSmlYRmhJbHAxbWRUdE0xT1dveFNneApKckRaaG81N21JZ0RLVkEycTZvMkpQdEhiQUV4YmpicWVrcGM2dTdUcEYyYkRiZDQxKzFyNFNSMVRCSWZ3WUVOCkMyVnovaUJld1p1Q2FkOGNHWmxxZjBtckk0QW8yV0lGRHc0emk4MFNqNGd1VStQRkU1YkhMRFplSGNSd2hXVG4Kc0tkL3YxWVQ0QkFjeUZQS3NUR053NFE9Ci0tLS0tRU5EIENFUlRJRklDQVRFLS0tLS0K"
              }
            ],
            "master_authorized_networks_config": [],
            "master_version": "1.27.3-gke.100",
            "mesh_certificates": [],
            "min_master_version": null,
            "monitoring_config": [
              {
                "advanced_datapath_observability_config": [
                  {
                    "enable_metrics": false,
                    "relay_mode": "DISABLED"
                  }
                ],
                "enable_components": [
                  "SYSTEM_COMPONENTS"
                ],
                "managed_prometheus": [
                  {
                    "enabled": true
                  }
                ]
              }
            ],
            "monitoring_service": "monitoring.googleapis.com/kubernetes",
            "name": "my-gke-cluster-1",
            "network": "projects/cloudcompk8/global/networks/default",
            "network_policy": [
              {
                "enabled": false,
                "provider": "PROVIDER_UNSPECIFIED"
              }
            ],
            "networking_mode": "VPC_NATIVE",
            "node_config": [
              {
                "advanced_machine_features": [],
                "boot_disk_kms_key": "",
                "confidential_nodes": [],
                "disk_size_gb": 100,
                "disk_type": "pd-balanced",
                "effective_taints": [],
                "ephemeral_storage_local_ssd_config": [],
                "fast_socket": [],
                "gcfs_config": [],
                "guest_accelerator": [],
                "gvnic": [],
                "host_maintenance_policy": [],
                "image_type": "COS_CONTAINERD",
                "kubelet_config": [],
                "labels": {},
                "linux_node_config": [],
                "local_nvme_ssd_block_config": [],
                "local_ssd_count": 0,
                "logging_variant": "DEFAULT",
                "machine_type": "e2-medium",
                "metadata": {
                  "disable-legacy-endpoints": "true"
                },
                "min_cpu_platform": "",
                "node_group": "",
                "oauth_scopes": [
                  "https://www.googleapis.com/auth/devstorage.read_only",
                  "https://www.googleapis.com/auth/logging.write",
                  "https://www.googleapis.com/auth/monitoring",
                  "https://www.googleapis.com/auth/service.management.readonly",
                  "https://www.googleapis.com/auth/servicecontrol",
                  "https://www.googleapis.com/auth/trace.append"
                ],
                "preemptible": false,
                "reservation_affinity": [],
                "resource_labels": {},
                "service_account": "default",
                "shielded_instance_config": [
                  {
                    "enable_integrity_monitoring": true,
                    "enable_secure_boot": false
                  }
                ],
                "sole_tenant_config": [],
                "spot": false,
                "tags": [],
                "taint": [],
                "workload_metadata_config": []
              }
            ],
            "node_locations": [
              "us-central1-b",
              "us-central1-c",
              "us-central1-f"
            ],
            "node_pool": [
              {
                "autoscaling": [],
                "initial_node_count": 1,
                "instance_group_urls": [
                  "https://www.googleapis.com/compute/v1/projects/cloudcompk8/zones/us-central1-c/instanceGroupManagers/gke-my-gke-cluster-1-default-pool-c11f7d91-grp",
                  "https://www.googleapis.com/compute/v1/projects/cloudcompk8/zones/us-central1-f/instanceGroupManagers/gke-my-gke-cluster-1-default-pool-d5ba8628-grp",
                  "https://www.googleapis.com/compute/v1/projects/cloudcompk8/zones/us-central1-b/instanceGroupManagers/gke-my-gke-cluster-1-default-pool-4cde0183-grp"
                ],
                "managed_instance_group_urls": [
                  "https://www.googleapis.com/compute/v1/projects/cloudcompk8/zones/us-central1-c/instanceGroups/gke-my-gke-cluster-1-default-pool-c11f7d91-grp",
                  "https://www.googleapis.com/compute/v1/projects/cloudcompk8/zones/us-central1-f/instanceGroups/gke-my-gke-cluster-1-default-pool-d5ba8628-grp",
                  "https://www.googleapis.com/compute/v1/projects/cloudcompk8/zones/us-central1-b/instanceGroups/gke-my-gke-cluster-1-default-pool-4cde0183-grp"
                ],
                "management": [
                  {
                    "auto_repair": true,
                    "auto_upgrade": true
                  }
                ],
                "max_pods_per_node": 110,
                "name": "default-pool",
                "name_prefix": "",
                "network_config": [
                  {
                    "create_pod_range": false,
                    "enable_private_nodes": false,
                    "pod_cidr_overprovision_config": [],
                    "pod_ipv4_cidr_block": "10.44.0.0/14",
                    "pod_range": "gke-my-gke-cluster-1-pods-76ab8aa5"
                  }
                ],
                "node_config": [
                  {
                    "advanced_machine_features": [],
                    "boot_disk_kms_key": "",
                    "confidential_nodes": [],
                    "disk_size_gb": 100,
                    "disk_type": "pd-balanced",
                    "effective_taints": [],
                    "ephemeral_storage_local_ssd_config": [],
                    "fast_socket": [],
                    "gcfs_config": [],
                    "guest_accelerator": [],
                    "gvnic": [],
                    "host_maintenance_policy": [],
                    "image_type": "COS_CONTAINERD",
                    "kubelet_config": [],
                    "labels": {},
                    "linux_node_config": [],
                    "local_nvme_ssd_block_config": [],
                    "local_ssd_count": 0,
                    "logging_variant": "DEFAULT",
                    "machine_type": "e2-medium",
                    "metadata": {
                      "disable-legacy-endpoints": "true"
                    },
                    "min_cpu_platform": "",
                    "node_group": "",
                    "oauth_scopes": [
                      "https://www.googleapis.com/auth/devstorage.read_only",
                      "https://www.googleapis.com/auth/logging.write",
                      "https://www.googleapis.com/auth/monitoring",
                      "https://www.googleapis.com/auth/service.management.readonly",
                      "https://www.googleapis.com/auth/servicecontrol",
                      "https://www.googleapis.com/auth/trace.append"
                    ],
                    "preemptible": false,
                    "reservation_affinity": [],
                    "resource_labels": {},
                    "service_account": "default",
                    "shielded_instance_config": [
                      {
                        "enable_integrity_monitoring": true,
                        "enable_secure_boot": false
                      }
                    ],
                    "sole_tenant_config": [],
                    "spot": false,
                    "tags": [],
                    "taint": [],
                    "workload_metadata_config": []
                  }
                ],
                "node_count": 1,
                "node_locations": [
                  "us-central1-b",
                  "us-central1-c",
                  "us-central1-f"
                ],
                "placement_policy": [],
                "upgrade_settings": [
                  {
                    "blue_green_settings": [],
                    "max_surge": 1,
                    "max_unavailable": 0,
                    "strategy": "SURGE"
                  }
                ],
                "version": "1.27.3-gke.100"
              }
            ],
            "node_pool_auto_config": [],
            "node_pool_defaults": [
              {
                "node_config_defaults": [
                  {
                    "logging_variant": "DEFAULT"
                  }
                ]
              }
            ],
            "node_version": "1.27.3-gke.100",
            "notification_config": [
              {
                "pubsub": [
                  {
                    "enabled": false,
                    "filter": [],
                    "topic": ""
                  }
                ]
              }
            ],
            "operation": null,
            "private_cluster_config": [
              {
                "enable_private_endpoint": false,
                "enable_private_nodes": false,
                "master_global_access_config": [
                  {
                    "enabled": false
                  }
                ],
                "master_ipv4_cidr_block": "",
                "peering_name": "",
                "private_endpoint": "10.128.0.47",
                "private_endpoint_subnetwork": "",
                "public_endpoint": "34.28.142.227"
              }
            ],
            "private_ipv6_google_access": "",
            "project": "cloudcompk8",
            "release_channel": [
              {
                "channel": "REGULAR"
              }
            ],
            "remove_default_node_pool": false,
            "resource_labels": null,
            "resource_usage_export_config": [],
            "security_posture_config": [
              {
                "mode": "BASIC",
                "vulnerability_mode": "VULNERABILITY_MODE_UNSPECIFIED"
              }
            ],
            "self_link": "https://container.googleapis.com/v1/projects/cloudcompk8/locations/us-central1/clusters/my-gke-cluster-1",
            "service_external_ips_config": [
              {
                "enabled": false
              }
            ],
            "services_ipv4_cidr": "10.48.0.0/20",
            "subnetwork": "projects/cloudcompk8/regions/us-central1/subnetworks/default",
            "timeouts": null,
            "tpu_ipv4_cidr_block": "",
            "vertical_pod_autoscaling": [],
            "workload_identity_config": []
          },
          "sensitive_attributes": [],
          "private": "eyJlMmJmYjczMC1lY2FhLTExZTYtOGY4OC0zNDM2M2JjN2M0YzAiOnsiY3JlYXRlIjoyNDAwMDAwMDAwMDAwLCJkZWxldGUiOjI0MDAwMDAwMDAwMDAsInJlYWQiOjI0MDAwMDAwMDAwMDAsInVwZGF0ZSI6MzYwMDAwMDAwMDAwMH0sInNjaGVtYV92ZXJzaW9uIjoiMiJ9"
        }
      ]
    },
    {
      "mode": "managed",
      "type": "google_container_node_pool",
      "name": "primary_preemptible_nodes",
      "provider": "provider[\"registry.terraform.io/hashicorp/google\"]",
      "instances": [
        {
          "schema_version": 1,
          "attributes": {
            "autoscaling": [],
            "cluster": "my-gke-cluster-1",
            "id": "projects/cloudcompk8/locations/us-central1/clusters/my-gke-cluster-1/nodePools/my-node-pool",
            "initial_node_count": 0,
            "instance_group_urls": [
              "https://www.googleapis.com/compute/v1/projects/cloudcompk8/zones/us-central1-c/instanceGroupManagers/gke-my-gke-cluster-1-my-node-pool-87c92127-grp",
              "https://www.googleapis.com/compute/v1/projects/cloudcompk8/zones/us-central1-f/instanceGroupManagers/gke-my-gke-cluster-1-my-node-pool-00685f0d-grp",
              "https://www.googleapis.com/compute/v1/projects/cloudcompk8/zones/us-central1-b/instanceGroupManagers/gke-my-gke-cluster-1-my-node-pool-bdd3ff7f-grp"
            ],
            "location": "us-central1",
            "managed_instance_group_urls": [
              "https://www.googleapis.com/compute/v1/projects/cloudcompk8/zones/us-central1-c/instanceGroups/gke-my-gke-cluster-1-my-node-pool-87c92127-grp",
              "https://www.googleapis.com/compute/v1/projects/cloudcompk8/zones/us-central1-f/instanceGroups/gke-my-gke-cluster-1-my-node-pool-00685f0d-grp",
              "https://www.googleapis.com/compute/v1/projects/cloudcompk8/zones/us-central1-b/instanceGroups/gke-my-gke-cluster-1-my-node-pool-bdd3ff7f-grp"
            ],
            "management": [
              {
                "auto_repair": true,
                "auto_upgrade": true
              }
            ],
            "max_pods_per_node": 110,
            "name": "my-node-pool",
            "name_prefix": "",
            "network_config": [
              {
                "create_pod_range": false,
                "enable_private_nodes": false,
                "pod_cidr_overprovision_config": [],
                "pod_ipv4_cidr_block": "10.44.0.0/14",
                "pod_range": "gke-my-gke-cluster-1-pods-76ab8aa5"
              }
            ],
            "node_config": [
              {
                "advanced_machine_features": [],
                "boot_disk_kms_key": "",
                "confidential_nodes": [],
                "disk_size_gb": 100,
                "disk_type": "pd-balanced",
                "effective_taints": [
                  {
                    "effect": "NO_SCHEDULE",
                    "key": "application",
                    "value": "true"
                  }
                ],
                "ephemeral_storage_local_ssd_config": [],
                "fast_socket": [],
                "gcfs_config": [],
                "guest_accelerator": [],
                "gvnic": [],
                "host_maintenance_policy": [],
                "image_type": "COS_CONTAINERD",
                "kubelet_config": [],
                "labels": {},
                "linux_node_config": [],
                "local_nvme_ssd_block_config": [],
                "local_ssd_count": 0,
                "logging_variant": "DEFAULT",
                "machine_type": "e2-micro",
                "metadata": {
                  "disable-legacy-endpoints": "true"
                },
                "min_cpu_platform": "",
                "node_group": "",
                "oauth_scopes": [
                  "https://www.googleapis.com/auth/devstorage.read_only",
                  "https://www.googleapis.com/auth/logging.write",
                  "https://www.googleapis.com/auth/monitoring",
                  "https://www.googleapis.com/auth/service.management.readonly",
                  "https://www.googleapis.com/auth/servicecontrol",
                  "https://www.googleapis.com/auth/trace.append"
                ],
                "preemptible": false,
                "reservation_affinity": [],
                "resource_labels": null,
                "service_account": "default",
                "shielded_instance_config": [
                  {
                    "enable_integrity_monitoring": true,
                    "enable_secure_boot": false
                  }
                ],
                "sole_tenant_config": [],
                "spot": false,
                "tags": null,
                "taint": [
                  {
                    "effect": "NO_SCHEDULE",
                    "key": "application",
                    "value": "true"
                  }
                ],
                "workload_metadata_config": []
              }
            ],
            "node_count": 0,
            "node_locations": [
              "us-central1-b",
              "us-central1-c",
              "us-central1-f"
            ],
            "operation": null,
            "placement_policy": [],
            "project": "cloudcompk8",
            "timeouts": null,
            "upgrade_settings": [
              {
                "blue_green_settings": [],
                "max_surge": 1,
                "max_unavailable": 0,
                "strategy": "SURGE"
              }
            ],
            "version": "1.27.3-gke.100"
          },
          "sensitive_attributes": [],
          "private": "eyJlMmJmYjczMC1lY2FhLTExZTYtOGY4OC0zNDM2M2JjN2M0YzAiOnsiY3JlYXRlIjoxODAwMDAwMDAwMDAwLCJkZWxldGUiOjE4MDAwMDAwMDAwMDAsInVwZGF0ZSI6MTgwMDAwMDAwMDAwMH0sInNjaGVtYV92ZXJzaW9uIjoiMSJ9",
          "dependencies": [
            "google_container_cluster.my_cluster"
          ]
        }
      ]
    }
  ],
  "check_results": null
}
